// !$*UTF8*$!
{
	archiveVersion = 1;
	classes = {
	};
	objectVersion = 56;
	objects = {

/* Begin PBXBuildFile section */
		7C8C41D52B60018C0057674C /* MainApp.swift in Sources */ = {isa = PBXBuildFile; fileRef = 7C8C41D42B60018C0057674C /* MainApp.swift */; };
		7C8C41D72B60018C0057674C /* MainView.swift in Sources */ = {isa = PBXBuildFile; fileRef = 7C8C41D62B60018C0057674C /* MainView.swift */; };
		7C8C41D92B60018E0057674C /* Assets.xcassets in Resources */ = {isa = PBXBuildFile; fileRef = 7C8C41D82B60018E0057674C /* Assets.xcassets */; };
		7C8C41DD2B60018E0057674C /* Preview Assets.xcassets in Resources */ = {isa = PBXBuildFile; fileRef = 7C8C41DC2B60018E0057674C /* Preview Assets.xcassets */; };
		7C8C41E52B6002A50057674C /* TicTacToe.swift in Sources */ = {isa = PBXBuildFile; fileRef = 7C8C41E42B6002A50057674C /* TicTacToe.swift */; };
		7CF0ED452B6BBE5100A622B1 /* MeshPlayground.swift in Sources */ = {isa = PBXBuildFile; fileRef = 7CF0ED442B6BBE5100A622B1 /* MeshPlayground.swift */; };
		7CF0ED472B6BBF2800A622B1 /* RestartButton.swift in Sources */ = {isa = PBXBuildFile; fileRef = 7CF0ED462B6BBF2800A622B1 /* RestartButton.swift */; };
		7CF0ED492B6BBF4200A622B1 /* SwitchGameModeButton.swift in Sources */ = {isa = PBXBuildFile; fileRef = 7CF0ED482B6BBF4200A622B1 /* SwitchGameModeButton.swift */; };
		7CF0ED4B2B6BC0C900A622B1 /* PlayGrid.swift in Sources */ = {isa = PBXBuildFile; fileRef = 7CF0ED4A2B6BC0C900A622B1 /* PlayGrid.swift */; };
		7CF0ED4D2B6BC38300A622B1 /* GridButton.swift in Sources */ = {isa = PBXBuildFile; fileRef = 7CF0ED4C2B6BC38300A622B1 /* GridButton.swift */; };
		7CF0ED4F2B6BC3C400A622B1 /* PlayerView.swift in Sources */ = {isa = PBXBuildFile; fileRef = 7CF0ED4E2B6BC3C400A622B1 /* PlayerView.swift */; };
/* End PBXBuildFile section */

/* Begin PBXFileReference section */
		7C8C41D12B60018C0057674C /* Tic-tac-toe.app */ = {isa = PBXFileReference; explicitFileType = wrapper.application; includeInIndex = 0; path = "Tic-tac-toe.app"; sourceTree = BUILT_PRODUCTS_DIR; };
		7C8C41D42B60018C0057674C /* MainApp.swift */ = {isa = PBXFileReference; lastKnownFileType = sourcecode.swift; path = MainApp.swift; sourceTree = "<group>"; };
		7C8C41D62B60018C0057674C /* MainView.swift */ = {isa = PBXFileReference; lastKnownFileType = sourcecode.swift; path = MainView.swift; sourceTree = "<group>"; };
		7C8C41D82B60018E0057674C /* Assets.xcassets */ = {isa = PBXFileReference; lastKnownFileType = folder.assetcatalog; path = Assets.xcassets; sourceTree = "<group>"; };
		7C8C41DA2B60018E0057674C /* Tic_tac_toe.entitlements */ = {isa = PBXFileReference; lastKnownFileType = text.plist.entitlements; path = Tic_tac_toe.entitlements; sourceTree = "<group>"; };
		7C8C41DC2B60018E0057674C /* Preview Assets.xcassets */ = {isa = PBXFileReference; lastKnownFileType = folder.assetcatalog; path = "Preview Assets.xcassets"; sourceTree = "<group>"; };
		7C8C41E42B6002A50057674C /* TicTacToe.swift */ = {isa = PBXFileReference; lastKnownFileType = sourcecode.swift; path = TicTacToe.swift; sourceTree = "<group>"; };
		7CF0ED442B6BBE5100A622B1 /* MeshPlayground.swift */ = {isa = PBXFileReference; lastKnownFileType = sourcecode.swift; path = MeshPlayground.swift; sourceTree = "<group>"; };
		7CF0ED462B6BBF2800A622B1 /* RestartButton.swift */ = {isa = PBXFileReference; lastKnownFileType = sourcecode.swift; path = RestartButton.swift; sourceTree = "<group>"; };
		7CF0ED482B6BBF4200A622B1 /* SwitchGameModeButton.swift */ = {isa = PBXFileReference; lastKnownFileType = sourcecode.swift; path = SwitchGameModeButton.swift; sourceTree = "<group>"; };
		7CF0ED4A2B6BC0C900A622B1 /* PlayGrid.swift */ = {isa = PBXFileReference; lastKnownFileType = sourcecode.swift; path = PlayGrid.swift; sourceTree = "<group>"; };
		7CF0ED4C2B6BC38300A622B1 /* GridButton.swift */ = {isa = PBXFileReference; lastKnownFileType = sourcecode.swift; path = GridButton.swift; sourceTree = "<group>"; };
		7CF0ED4E2B6BC3C400A622B1 /* PlayerView.swift */ = {isa = PBXFileReference; lastKnownFileType = sourcecode.swift; path = PlayerView.swift; sourceTree = "<group>"; };
/* End PBXFileReference section */

/* Begin PBXFrameworksBuildPhase section */
		7C8C41CE2B60018C0057674C /* Frameworks */ = {
			isa = PBXFrameworksBuildPhase;
			buildActionMask = 2147483647;
			files = (
			);
			runOnlyForDeploymentPostprocessing = 0;
		};
/* End PBXFrameworksBuildPhase section */

/* Begin PBXGroup section */
		7C8C41C82B60018C0057674C = {
			isa = PBXGroup;
			children = (
				7C8C41D32B60018C0057674C /* Tic-tac-toe */,
				7C8C41D22B60018C0057674C /* Products */,
			);
			sourceTree = "<group>";
		};
		7C8C41D22B60018C0057674C /* Products */ = {
			isa = PBXGroup;
			children = (
				7C8C41D12B60018C0057674C /* Tic-tac-toe.app */,
			);
			name = Products;
			sourceTree = "<group>";
		};
		7C8C41D32B60018C0057674C /* Tic-tac-toe */ = {
			isa = PBXGroup;
			children = (
				7C8C41E42B6002A50057674C /* TicTacToe.swift */,
				7C8C41E32B6001F80057674C /* Views */,
				7C8C41D42B60018C0057674C /* MainApp.swift */,
				7C8C41D82B60018E0057674C /* Assets.xcassets */,
				7C8C41DA2B60018E0057674C /* Tic_tac_toe.entitlements */,
				7C8C41DB2B60018E0057674C /* Preview Content */,
			);
			path = "Tic-tac-toe";
			sourceTree = "<group>";
		};
		7C8C41DB2B60018E0057674C /* Preview Content */ = {
			isa = PBXGroup;
			children = (
				7C8C41DC2B60018E0057674C /* Preview Assets.xcassets */,
			);
			path = "Preview Content";
			sourceTree = "<group>";
		};
		7C8C41E32B6001F80057674C /* Views */ = {
			isa = PBXGroup;
			children = (
				7C8C41D62B60018C0057674C /* MainView.swift */,
				7CF0ED442B6BBE5100A622B1 /* MeshPlayground.swift */,
				7CF0ED462B6BBF2800A622B1 /* RestartButton.swift */,
				7CF0ED482B6BBF4200A622B1 /* SwitchGameModeButton.swift */,
				7CF0ED4A2B6BC0C900A622B1 /* PlayGrid.swift */,
				7CF0ED4C2B6BC38300A622B1 /* GridButton.swift */,
				7CF0ED4E2B6BC3C400A622B1 /* PlayerView.swift */,
			);
			path = Views;
			sourceTree = "<group>";
		};
/* End PBXGroup section */

/* Begin PBXNativeTarget section */
		7C8C41D02B60018C0057674C /* Tic-tac-toe */ = {
			isa = PBXNativeTarget;
			buildConfigurationList = 7C8C41E02B60018E0057674C /* Build configuration list for PBXNativeTarget "Tic-tac-toe" */;
			buildPhases = (
				7C8C41CD2B60018C0057674C /* Sources */,
				7C8C41CE2B60018C0057674C /* Frameworks */,
				7C8C41CF2B60018C0057674C /* Resources */,
			);
			buildRules = (
			);
			dependencies = (
			);
			name = "Tic-tac-toe";
			productName = "Tic-tac-toe";
			productReference = 7C8C41D12B60018C0057674C /* Tic-tac-toe.app */;
			productType = "com.apple.product-type.application";
		};
/* End PBXNativeTarget section */

/* Begin PBXProject section */
		7C8C41C92B60018C0057674C /* Project object */ = {
			isa = PBXProject;
			attributes = {
				BuildIndependentTargetsInParallel = 1;
				LastSwiftUpdateCheck = 1520;
				LastUpgradeCheck = 1520;
				TargetAttributes = {
					7C8C41D02B60018C0057674C = {
						CreatedOnToolsVersion = 15.2;
					};
				};
			};
			buildConfigurationList = 7C8C41CC2B60018C0057674C /* Build configuration list for PBXProject "Tic-tac-toe" */;
			compatibilityVersion = "Xcode 14.0";
			developmentRegion = en;
			hasScannedForEncodings = 0;
			knownRegions = (
				en,
				Base,
			);
			mainGroup = 7C8C41C82B60018C0057674C;
			productRefGroup = 7C8C41D22B60018C0057674C /* Products */;
			projectDirPath = "";
			projectRoot = "";
			targets = (
				7C8C41D02B60018C0057674C /* Tic-tac-toe */,
			);
		};
/* End PBXProject section */

/* Begin PBXResourcesBuildPhase section */
		7C8C41CF2B60018C0057674C /* Resources */ = {
			isa = PBXResourcesBuildPhase;
			buildActionMask = 2147483647;
			files = (
				7C8C41DD2B60018E0057674C /* Preview Assets.xcassets in Resources */,
				7C8C41D92B60018E0057674C /* Assets.xcassets in Resources */,
			);
			runOnlyForDeploymentPostprocessing = 0;
		};
/* End PBXResourcesBuildPhase section */

/* Begin PBXSourcesBuildPhase section */
		7C8C41CD2B60018C0057674C /* Sources */ = {
			isa = PBXSourcesBuildPhase;
			buildActionMask = 2147483647;
			files = (
				7CF0ED4F2B6BC3C400A622B1 /* PlayerView.swift in Sources */,
				7C8C41D72B60018C0057674C /* MainView.swift in Sources */,
				7CF0ED472B6BBF2800A622B1 /* RestartButton.swift in Sources */,
				7CF0ED4B2B6BC0C900A622B1 /* PlayGrid.swift in Sources */,
				7CF0ED452B6BBE5100A622B1 /* MeshPlayground.swift in Sources */,
				7C8C41E52B6002A50057674C /* TicTacToe.swift in Sources */,
				7CF0ED4D2B6BC38300A622B1 /* GridButton.swift in Sources */,
				7CF0ED492B6BBF4200A622B1 /* SwitchGameModeButton.swift in Sources */,
				7C8C41D52B60018C0057674C /* MainApp.swift in Sources */,
			);
			runOnlyForDeploymentPostprocessing = 0;
		};
/* End PBXSourcesBuildPhase section */

/* Begin XCBuildConfiguration section */
		7C8C41DE2B60018E0057674C /* Debug */ = {
			isa = XCBuildConfiguration;
			buildSettings = {
				ALWAYS_SEARCH_USER_PATHS = NO;
				ASSETCATALOG_COMPILER_GENERATE_SWIFT_ASSET_SYMBOL_EXTENSIONS = YES;
				CLANG_ANALYZER_NONNULL = YES;
				CLANG_ANALYZER_NUMBER_OBJECT_CONVERSION = YES_AGGRESSIVE;
				CLANG_CXX_LANGUAGE_STANDARD = "gnu++20";
				CLANG_ENABLE_MODULES = YES;
				CLANG_ENABLE_OBJC_ARC = YES;
				CLANG_ENABLE_OBJC_WEAK = YES;
				CLANG_WARN_BLOCK_CAPTURE_AUTORELEASING = YES;
				CLANG_WARN_BOOL_CONVERSION = YES;
				CLANG_WARN_COMMA = YES;
				CLANG_WARN_CONSTANT_CONVERSION = YES;
				CLANG_WARN_DEPRECATED_OBJC_IMPLEMENTATIONS = YES;
				CLANG_WARN_DIRECT_OBJC_ISA_USAGE = YES_ERROR;
				CLANG_WARN_DOCUMENTATION_COMMENTS = YES;
				CLANG_WARN_EMPTY_BODY = YES;
				CLANG_WARN_ENUM_CONVERSION = YES;
				CLANG_WARN_INFINITE_RECURSION = YES;
				CLANG_WARN_INT_CONVERSION = YES;
				CLANG_WARN_NON_LITERAL_NULL_CONVERSION = YES;
				CLANG_WARN_OBJC_IMPLICIT_RETAIN_SELF = YES;
				CLANG_WARN_OBJC_LITERAL_CONVERSION = YES;
				CLANG_WARN_OBJC_ROOT_CLASS = YES_ERROR;
				CLANG_WARN_QUOTED_INCLUDE_IN_FRAMEWORK_HEADER = YES;
				CLANG_WARN_RANGE_LOOP_ANALYSIS = YES;
				CLANG_WARN_STRICT_PROTOTYPES = YES;
				CLANG_WARN_SUSPICIOUS_MOVE = YES;
				CLANG_WARN_UNGUARDED_AVAILABILITY = YES_AGGRESSIVE;
				CLANG_WARN_UNREACHABLE_CODE = YES;
				CLANG_WARN__DUPLICATE_METHOD_MATCH = YES;
				COPY_PHASE_STRIP = NO;
				DEBUG_INFORMATION_FORMAT = dwarf;
				ENABLE_STRICT_OBJC_MSGSEND = YES;
				ENABLE_TESTABILITY = YES;
				ENABLE_USER_SCRIPT_SANDBOXING = YES;
				GCC_C_LANGUAGE_STANDARD = gnu17;
				GCC_DYNAMIC_NO_PIC = NO;
				GCC_NO_COMMON_BLOCKS = YES;
				GCC_OPTIMIZATION_LEVEL = 0;
				GCC_PREPROCESSOR_DEFINITIONS = (
					"DEBUG=1",
					"$(inherited)",
				);
				GCC_WARN_64_TO_32_BIT_CONVERSION = YES;
				GCC_WARN_ABOUT_RETURN_TYPE = YES_ERROR;
				GCC_WARN_UNDECLARED_SELECTOR = YES;
				GCC_WARN_UNINITIALIZED_AUTOS = YES_AGGRESSIVE;
				GCC_WARN_UNUSED_FUNCTION = YES;
				GCC_WARN_UNUSED_VARIABLE = YES;
				LOCALIZATION_PREFERS_STRING_CATALOGS = YES;
				MTL_ENABLE_DEBUG_INFO = INCLUDE_SOURCE;
				MTL_FAST_MATH = YES;
				ONLY_ACTIVE_ARCH = YES;
				SWIFT_ACTIVE_COMPILATION_CONDITIONS = "DEBUG $(inherited)";
				SWIFT_OPTIMIZATION_LEVEL = "-Onone";
			};
			name = Debug;
		};
		7C8C41DF2B60018E0057674C /* Release */ = {
			isa = XCBuildConfiguration;
			buildSettings = {
				ALWAYS_SEARCH_USER_PATHS = NO;
				ASSETCATALOG_COMPILER_GENERATE_SWIFT_ASSET_SYMBOL_EXTENSIONS = YES;
				CLANG_ANALYZER_NONNULL = YES;
				CLANG_ANALYZER_NUMBER_OBJECT_CONVERSION = YES_AGGRESSIVE;
				CLANG_CXX_LANGUAGE_STANDARD = "gnu++20";
				CLANG_ENABLE_MODULES = YES;
				CLANG_ENABLE_OBJC_ARC = YES;
				CLANG_ENABLE_OBJC_WEAK = YES;
				CLANG_WARN_BLOCK_CAPTURE_AUTORELEASING = YES;
				CLANG_WARN_BOOL_CONVERSION = YES;
				CLANG_WARN_COMMA = YES;
				CLANG_WARN_CONSTANT_CONVERSION = YES;
				CLANG_WARN_DEPRECATED_OBJC_IMPLEMENTATIONS = YES;
				CLANG_WARN_DIRECT_OBJC_ISA_USAGE = YES_ERROR;
				CLANG_WARN_DOCUMENTATION_COMMENTS = YES;
				CLANG_WARN_EMPTY_BODY = YES;
				CLANG_WARN_ENUM_CONVERSION = YES;
				CLANG_WARN_INFINITE_RECURSION = YES;
				CLANG_WARN_INT_CONVERSION = YES;
				CLANG_WARN_NON_LITERAL_NULL_CONVERSION = YES;
				CLANG_WARN_OBJC_IMPLICIT_RETAIN_SELF = YES;
				CLANG_WARN_OBJC_LITERAL_CONVERSION = YES;
				CLANG_WARN_OBJC_ROOT_CLASS = YES_ERROR;
				CLANG_WARN_QUOTED_INCLUDE_IN_FRAMEWORK_HEADER = YES;
				CLANG_WARN_RANGE_LOOP_ANALYSIS = YES;
				CLANG_WARN_STRICT_PROTOTYPES = YES;
				CLANG_WARN_SUSPICIOUS_MOVE = YES;
				CLANG_WARN_UNGUARDED_AVAILABILITY = YES_AGGRESSIVE;
				CLANG_WARN_UNREACHABLE_CODE = YES;
				CLANG_WARN__DUPLICATE_METHOD_MATCH = YES;
				COPY_PHASE_STRIP = NO;
				DEBUG_INFORMATION_FORMAT = "dwarf-with-dsym";
				ENABLE_NS_ASSERTIONS = NO;
				ENABLE_STRICT_OBJC_MSGSEND = YES;
				ENABLE_USER_SCRIPT_SANDBOXING = YES;
				GCC_C_LANGUAGE_STANDARD = gnu17;
				GCC_NO_COMMON_BLOCKS = YES;
				GCC_WARN_64_TO_32_BIT_CONVERSION = YES;
				GCC_WARN_ABOUT_RETURN_TYPE = YES_ERROR;
				GCC_WARN_UNDECLARED_SELECTOR = YES;
				GCC_WARN_UNINITIALIZED_AUTOS = YES_AGGRESSIVE;
				GCC_WARN_UNUSED_FUNCTION = YES;
				GCC_WARN_UNUSED_VARIABLE = YES;
				LOCALIZATION_PREFERS_STRING_CATALOGS = YES;
				MTL_ENABLE_DEBUG_INFO = NO;
				MTL_FAST_MATH = YES;
				SWIFT_COMPILATION_MODE = wholemodule;
			};
			name = Release;
		};
		7C8C41E12B60018E0057674C /* Debug */ = {
			isa = XCBuildConfiguration;
			buildSettings = {
				ASSETCATALOG_COMPILER_APPICON_NAME = AppIcon;
				ASSETCATALOG_COMPILER_GLOBAL_ACCENT_COLOR_NAME = AccentColor;
				CODE_SIGN_ENTITLEMENTS = "Tic-tac-toe/Tic_tac_toe.entitlements";
				CODE_SIGN_STYLE = Automatic;
				CURRENT_PROJECT_VERSION = 1;
				DEVELOPMENT_ASSET_PATHS = "\"Tic-tac-toe/Preview Content\"";
				ENABLE_PREVIEWS = YES;
				GENERATE_INFOPLIST_FILE = YES;
				"INFOPLIST_KEY_UIApplicationSceneManifest_Generation[sdk=iphoneos*]" = YES;
				"INFOPLIST_KEY_UIApplicationSceneManifest_Generation[sdk=iphonesimulator*]" = YES;
				"INFOPLIST_KEY_UIApplicationSupportsIndirectInputEvents[sdk=iphoneos*]" = YES;
				"INFOPLIST_KEY_UIApplicationSupportsIndirectInputEvents[sdk=iphonesimulator*]" = YES;
				"INFOPLIST_KEY_UILaunchScreen_Generation[sdk=iphoneos*]" = YES;
				"INFOPLIST_KEY_UILaunchScreen_Generation[sdk=iphonesimulator*]" = YES;
				"INFOPLIST_KEY_UIStatusBarStyle[sdk=iphoneos*]" = UIStatusBarStyleDefault;
				"INFOPLIST_KEY_UIStatusBarStyle[sdk=iphonesimulator*]" = UIStatusBarStyleDefault;
				INFOPLIST_KEY_UISupportedInterfaceOrientations_iPad = "UIInterfaceOrientationPortrait UIInterfaceOrientationPortraitUpsideDown UIInterfaceOrientationLandscapeLeft UIInterfaceOrientationLandscapeRight";
				INFOPLIST_KEY_UISupportedInterfaceOrientations_iPhone = "UIInterfaceOrientationPortrait UIInterfaceOrientationLandscapeLeft UIInterfaceOrientationLandscapeRight";
				IPHONEOS_DEPLOYMENT_TARGET = 16.0;
				LD_RUNPATH_SEARCH_PATHS = "@executable_path/Frameworks";
				"LD_RUNPATH_SEARCH_PATHS[sdk=macosx*]" = "@executable_path/../Frameworks";
				MACOSX_DEPLOYMENT_TARGET = 14.1;
				MARKETING_VERSION = 1.0;
				PRODUCT_BUNDLE_IDENTIFIER = "com.ras.tictac.Tic-tac-toe";
				PRODUCT_NAME = "$(TARGET_NAME)";
				SDKROOT = auto;
				SUPPORTED_PLATFORMS = "iphoneos iphonesimulator macosx";
				SWIFT_EMIT_LOC_STRINGS = YES;
				SWIFT_VERSION = 5.0;
				TARGETED_DEVICE_FAMILY = "1,2";
			};
			name = Debug;
		};
		7C8C41E22B60018E0057674C /* Release */ = {
			isa = XCBuildConfiguration;
			buildSettings = {
				ASSETCATALOG_COMPILER_APPICON_NAME = AppIcon;
				ASSETCATALOG_COMPILER_GLOBAL_ACCENT_COLOR_NAME = AccentColor;
				CODE_SIGN_ENTITLEMENTS = "Tic-tac-toe/Tic_tac_toe.entitlements";
				CODE_SIGN_STYLE = Automatic;
				CURRENT_PROJECT_VERSION = 1;
				DEVELOPMENT_ASSET_PATHS = "\"Tic-tac-toe/Preview Content\"";
				ENABLE_PREVIEWS = YES;
				GENERATE_INFOPLIST_FILE = YES;
				"INFOPLIST_KEY_UIApplicationSceneManifest_Generation[sdk=iphoneos*]" = YES;
				"INFOPLIST_KEY_UIApplicationSceneManifest_Generation[sdk=iphonesimulator*]" = YES;
				"INFOPLIST_KEY_UIApplicationSupportsIndirectInputEvents[sdk=iphoneos*]" = YES;
				"INFOPLIST_KEY_UIApplicationSupportsIndirectInputEvents[sdk=iphonesimulator*]" = YES;
				"INFOPLIST_KEY_UILaunchScreen_Generation[sdk=iphoneos*]" = YES;
				"INFOPLIST_KEY_UILaunchScreen_Generation[sdk=iphonesimulator*]" = YES;
				"INFOPLIST_KEY_UIStatusBarStyle[sdk=iphoneos*]" = UIStatusBarStyleDefault;
				"INFOPLIST_KEY_UIStatusBarStyle[sdk=iphonesimulator*]" = UIStatusBarStyleDefault;
				INFOPLIST_KEY_UISupportedInterfaceOrientations_iPad = "UIInterfaceOrientationPortrait UIInterfaceOrientationPortraitUpsideDown UIInterfaceOrientationLandscapeLeft UIInterfaceOrientationLandscapeRight";
				INFOPLIST_KEY_UISupportedInterfaceOrientations_iPhone = "UIInterfaceOrientationPortrait UIInterfaceOrientationLandscapeLeft UIInterfaceOrientationLandscapeRight";
				IPHONEOS_DEPLOYMENT_TARGET = 16.0;
				LD_RUNPATH_SEARCH_PATHS = "@executable_path/Frameworks";
				"LD_RUNPATH_SEARCH_PATHS[sdk=macosx*]" = "@executable_path/../Frameworks";
				MACOSX_DEPLOYMENT_TARGET = 14.1;
				MARKETING_VERSION = 1.0;
				PRODUCT_BUNDLE_IDENTIFIER = "com.ras.tictac.Tic-tac-toe";
				PRODUCT_NAME = "$(TARGET_NAME)";
				SDKROOT = auto;
				SUPPORTED_PLATFORMS = "iphoneos iphonesimulator macosx";
				SWIFT_EMIT_LOC_STRINGS = YES;
				SWIFT_VERSION = 5.0;
				TARGETED_DEVICE_FAMILY = "1,2";
			};
			name = Release;
		};
/* End XCBuildConfiguration section */

/* Begin XCConfigurationList section */
		7C8C41CC2B60018C0057674C /* Build configuration list for PBXProject "Tic-tac-toe" */ = {
			isa = XCConfigurationList;
			buildConfigurations = (
				7C8C41DE2B60018E0057674C /* Debug */,
				7C8C41DF2B60018E0057674C /* Release */,
			);
			defaultConfigurationIsVisible = 0;
			defaultConfigurationName = Release;
		};
		7C8C41E02B60018E0057674C /* Build configuration list for PBXNativeTarget "Tic-tac-toe" */ = {
			isa = XCConfigurationList;
			buildConfigurations = (
				7C8C41E12B60018E0057674C /* Debug */,
				7C8C41E22B60018E0057674C /* Release */,
			);
			defaultConfigurationIsVisible = 0;
			defaultConfigurationName = Release;
		};
/* End XCConfigurationList section */
	};
	rootObject = 7C8C41C92B60018C0057674C /* Project object */;
}
